
Microsoft Visual Studio Solution File, Format Version 12.00
# Visual Studio 15
VisualStudioVersion = 15.0.28307.271
MinimumVisualStudioVersion = 10.0.40219.1
Project("{FAE04EC0-301F-11D3-BF4B-00C04F79EFBC}") = "Lazer_Svit", "Lazer_Svit\Lazer_Svit.csproj", "{5737A541-B443-4F85-8F3D-A82F934D5C86}"
EndProject
Global
	GlobalSection(SolutionConfigurationPlatforms) = preSolution
		Debug|Any CPU = Debug|Any CPU
		Release|Any CPU = Release|Any CPU
	EndGlobalSection
	GlobalSection(ProjectConfigurationPlatforms) = postSolution
		{5737A541-B443-4F85-8F3D-A82F934D5C86}.Debug|Any CPU.ActiveCfg = Debug|Any CPU
		{5737A541-B443-4F85-8F3D-A82F934D5C86}.Debug|Any CPU.Build.0 = Debug|Any CPU
		{5737A541-B443-4F85-8F3D-A82F934D5C86}.Release|Any CPU.ActiveCfg = Release|Any CPU
		{5737A541-B443-4F85-8F3D-A82F934D5C86}.Release|Any CPU.Build.0 = Release|Any CPU
	EndGlobalSection
	GlobalSection(SolutionProperties) = preSolution
		HideSolutionNode = FALSE
	EndGlobalSection
	GlobalSection(ExtensibilityGlobals) = postSolution
		SolutionGuid = {5E2A6A8A-4C9A-4124-8B3E-42E3F5EACF24}
	EndGlobalSection
EndGlobal
